
Microsoft Visual Studio Solution File, Format Version 12.00
# Visual Studio Version 17
VisualStudioVersion = 17.6.33801.468
MinimumVisualStudioVersion = 10.0.40219.1
Project("{9A19103F-16F7-4668-BE54-9A1E7A4F7556}") = "HomeWorks", "HomeWorks.csproj", "{6B39056B-4CED-439A-ACCF-AC267947728B}"
EndProject
Project("{9A19103F-16F7-4668-BE54-9A1E7A4F7556}") = "HW_5_Collections", "HW_5_Collections\HW_5_Collections.csproj", "{317BF7B9-8521-4FCA-8D0C-36762B551C29}"
EndProject
Project("{9A19103F-16F7-4668-BE54-9A1E7A4F7556}") = "HW_6_LINQ_1", "HW_6_LINQ_1\HW_6_LINQ_1.csproj", "{0747AD67-D7D8-469C-9D5C-E4EA6FFE62F4}"
EndProject
Project("{FAE04EC0-301F-11D3-BF4B-00C04F79EFBC}") = "HW_7_LINQ_2", "HW_7_LINQ_2\HW_7_LINQ_2.csproj", "{FD26A01B-CE48-40C7-9794-CF70FDE737CE}"
EndProject
Project("{FAE04EC0-301F-11D3-BF4B-00C04F79EFBC}") = "HW_8_LINQ_3+Menu", "HW_8_LINQ_3+Attributes\HW_8_LINQ_3+Menu.csproj", "{15AD7F74-3AE5-4EFE-A62E-A54D9BA58429}"
EndProject
Global
	GlobalSection(SolutionConfigurationPlatforms) = preSolution
		Debug|Any CPU = Debug|Any CPU
		Release|Any CPU = Release|Any CPU
	EndGlobalSection
	GlobalSection(ProjectConfigurationPlatforms) = postSolution
		{6B39056B-4CED-439A-ACCF-AC267947728B}.Debug|Any CPU.ActiveCfg = Debug|Any CPU
		{6B39056B-4CED-439A-ACCF-AC267947728B}.Debug|Any CPU.Build.0 = Debug|Any CPU
		{6B39056B-4CED-439A-ACCF-AC267947728B}.Release|Any CPU.ActiveCfg = Release|Any CPU
		{6B39056B-4CED-439A-ACCF-AC267947728B}.Release|Any CPU.Build.0 = Release|Any CPU
		{317BF7B9-8521-4FCA-8D0C-36762B551C29}.Debug|Any CPU.ActiveCfg = Debug|Any CPU
		{317BF7B9-8521-4FCA-8D0C-36762B551C29}.Debug|Any CPU.Build.0 = Debug|Any CPU
		{317BF7B9-8521-4FCA-8D0C-36762B551C29}.Release|Any CPU.ActiveCfg = Release|Any CPU
		{317BF7B9-8521-4FCA-8D0C-36762B551C29}.Release|Any CPU.Build.0 = Release|Any CPU
		{0747AD67-D7D8-469C-9D5C-E4EA6FFE62F4}.Debug|Any CPU.ActiveCfg = Debug|Any CPU
		{0747AD67-D7D8-469C-9D5C-E4EA6FFE62F4}.Debug|Any CPU.Build.0 = Debug|Any CPU
		{0747AD67-D7D8-469C-9D5C-E4EA6FFE62F4}.Release|Any CPU.ActiveCfg = Release|Any CPU
		{0747AD67-D7D8-469C-9D5C-E4EA6FFE62F4}.Release|Any CPU.Build.0 = Release|Any CPU
		{FD26A01B-CE48-40C7-9794-CF70FDE737CE}.Debug|Any CPU.ActiveCfg = Debug|Any CPU
		{FD26A01B-CE48-40C7-9794-CF70FDE737CE}.Debug|Any CPU.Build.0 = Debug|Any CPU
		{FD26A01B-CE48-40C7-9794-CF70FDE737CE}.Release|Any CPU.ActiveCfg = Release|Any CPU
		{FD26A01B-CE48-40C7-9794-CF70FDE737CE}.Release|Any CPU.Build.0 = Release|Any CPU
		{15AD7F74-3AE5-4EFE-A62E-A54D9BA58429}.Debug|Any CPU.ActiveCfg = Debug|Any CPU
		{15AD7F74-3AE5-4EFE-A62E-A54D9BA58429}.Debug|Any CPU.Build.0 = Debug|Any CPU
		{15AD7F74-3AE5-4EFE-A62E-A54D9BA58429}.Release|Any CPU.ActiveCfg = Release|Any CPU
		{15AD7F74-3AE5-4EFE-A62E-A54D9BA58429}.Release|Any CPU.Build.0 = Release|Any CPU
	EndGlobalSection
	GlobalSection(SolutionProperties) = preSolution
		HideSolutionNode = FALSE
	EndGlobalSection
	GlobalSection(ExtensibilityGlobals) = postSolution
		SolutionGuid = {4EFAF420-9379-46FB-87CA-519044945E98}
	EndGlobalSection
EndGlobal
